{
  "nodes": {
    "crane": {
      "locked": {
        "lastModified": 1730504891,
        "narHash": "sha256-Fvieht4pai+Wey7terllZAKOj0YsaDP0e88NYs3K/Lo=",
        "owner": "ipetkov",
        "repo": "crane",
        "rev": "8658adcdad49b8f2c6cbf0cc3cb4b4db988f7638",
        "type": "github"
      },
      "original": {
        "owner": "ipetkov",
        "repo": "crane",
        "type": "github"
      }
    },
    "matrix-client": {
      "flake": false,
      "locked": {
        "lastModified": 1730509407,
        "narHash": "sha256-JuaiPYDrTcJGLbbdldA+JPb9YqF4cFPMtFHhsWgi3Mo=",
        "owner": "ners",
        "repo": "matrix-client-haskell",
        "rev": "47b42a4db7ac4e64f14fc95f4036c25f29559016",
        "type": "github"
      },
      "original": {
        "owner": "ners",
        "repo": "matrix-client-haskell",
        "type": "github"
      }
    },
    "nixpkgs": {
      "locked": {
        "lastModified": 1730531603,
        "narHash": "sha256-Dqg6si5CqIzm87sp57j5nTaeBbWhHFaVyG7V6L8k3lY=",
        "owner": "nixos",
        "repo": "nixpkgs",
        "rev": "7ffd9ae656aec493492b44d0ddfb28e79a1ea25d",
        "type": "github"
      },
      "original": {
        "owner": "nixos",
        "ref": "nixos-unstable",
        "repo": "nixpkgs",
        "type": "github"
      }
    },
    "rhine": {
      "inputs": {
        "nixpkgs": [
          "nixpkgs"
        ]
      },
      "locked": {
        "lastModified": 1730103800,
        "narHash": "sha256-k8f/RyGg3aUIkhPMO1JxnyKquDn/Kx1jGDlhAlQHiIU=",
        "owner": "turion",
        "repo": "rhine",
        "rev": "fcaec156c02842db803113e1242a79065aa527ce",
        "type": "github"
      },
      "original": {
        "owner": "turion",
        "repo": "rhine",
        "type": "github"
      }
    },
    "root": {
      "inputs": {
        "matrix-client": "matrix-client",
        "nixpkgs": "nixpkgs",
        "rhine": "rhine",
        "vodozemac": "vodozemac"
      }
    },
    "vodozemac": {
      "inputs": {
        "crane": "crane",
        "nixpkgs": [
          "nixpkgs"
        ]
      },
      "locked": {
        "lastModified": 1730591316,
        "narHash": "sha256-yBFMRvoJQf0A91zTng2N4Z6jgq5RFqoNCmxRr5hAq44=",
        "owner": "ners",
        "repo": "vodozemac-haskell",
        "rev": "8b24b6e56e0984f5eb5ad84ab312cb62cb794809",
        "type": "github"
      },
      "original": {
        "owner": "ners",
        "repo": "vodozemac-haskell",
        "type": "github"
      }
    }
  },
  "root": "root",
  "version": 7
}
